
Microsoft Visual Studio Solution File, Format Version 12.00
# Visual Studio Version 16
VisualStudioVersion = 16.0.29409.12
MinimumVisualStudioVersion = 10.0.40219.1
Project("{FAE04EC0-301F-11D3-BF4B-00C04F79EFBC}") = "AgentFight", "AgentFight\AgentFight.csproj", "{B58760DC-5374-48FC-BBA6-627777983207}"
EndProject
Project("{FAE04EC0-301F-11D3-BF4B-00C04F79EFBC}") = "Server", "Server\Server.csproj", "{D1818A23-7C6B-4267-8214-97AE31768258}"
EndProject
Project("{FAE04EC0-301F-11D3-BF4B-00C04F79EFBC}") = "Client", "Client\Client.csproj", "{303CC5E8-D599-4934-8F0A-CAA6661F5EC0}"
EndProject
Global
	GlobalSection(SolutionConfigurationPlatforms) = preSolution
		Debug|Any CPU = Debug|Any CPU
		Release|Any CPU = Release|Any CPU
	EndGlobalSection
	GlobalSection(ProjectConfigurationPlatforms) = postSolution
		{B58760DC-5374-48FC-BBA6-627777983207}.Debug|Any CPU.ActiveCfg = Debug|Any CPU
		{B58760DC-5374-48FC-BBA6-627777983207}.Debug|Any CPU.Build.0 = Debug|Any CPU
		{B58760DC-5374-48FC-BBA6-627777983207}.Release|Any CPU.ActiveCfg = Release|Any CPU
		{B58760DC-5374-48FC-BBA6-627777983207}.Release|Any CPU.Build.0 = Release|Any CPU
		{D1818A23-7C6B-4267-8214-97AE31768258}.Debug|Any CPU.ActiveCfg = Debug|Any CPU
		{D1818A23-7C6B-4267-8214-97AE31768258}.Debug|Any CPU.Build.0 = Debug|Any CPU
		{D1818A23-7C6B-4267-8214-97AE31768258}.Release|Any CPU.ActiveCfg = Release|Any CPU
		{D1818A23-7C6B-4267-8214-97AE31768258}.Release|Any CPU.Build.0 = Release|Any CPU
		{303CC5E8-D599-4934-8F0A-CAA6661F5EC0}.Debug|Any CPU.ActiveCfg = Debug|Any CPU
		{303CC5E8-D599-4934-8F0A-CAA6661F5EC0}.Debug|Any CPU.Build.0 = Debug|Any CPU
		{303CC5E8-D599-4934-8F0A-CAA6661F5EC0}.Release|Any CPU.ActiveCfg = Release|Any CPU
		{303CC5E8-D599-4934-8F0A-CAA6661F5EC0}.Release|Any CPU.Build.0 = Release|Any CPU
	EndGlobalSection
	GlobalSection(SolutionProperties) = preSolution
		HideSolutionNode = FALSE
	EndGlobalSection
	GlobalSection(ExtensibilityGlobals) = postSolution
		SolutionGuid = {CFC3574E-2F7D-4DA0-A112-61C5A207DFFC}
	EndGlobalSection
EndGlobal
